
Microsoft Visual Studio Solution File, Format Version 12.00
# Visual Studio Version 16
VisualStudioVersion = 16.0.31213.239
MinimumVisualStudioVersion = 10.0.40219.1
Project("{FAE04EC0-301F-11D3-BF4B-00C04F79EFBC}") = "HttpRequestData.Extensions", "HttpRequestData.Extensions\HttpRequestData.Extensions.csproj", "{01B95820-F9EC-4582-AD3B-25817C375E0B}"
EndProject
Global
	GlobalSection(SolutionConfigurationPlatforms) = preSolution
		Debug|Any CPU = Debug|Any CPU
		Release|Any CPU = Release|Any CPU
	EndGlobalSection
	GlobalSection(ProjectConfigurationPlatforms) = postSolution
		{01B95820-F9EC-4582-AD3B-25817C375E0B}.Debug|Any CPU.ActiveCfg = Debug|Any CPU
		{01B95820-F9EC-4582-AD3B-25817C375E0B}.Debug|Any CPU.Build.0 = Debug|Any CPU
		{01B95820-F9EC-4582-AD3B-25817C375E0B}.Release|Any CPU.ActiveCfg = Release|Any CPU
		{01B95820-F9EC-4582-AD3B-25817C375E0B}.Release|Any CPU.Build.0 = Release|Any CPU
	EndGlobalSection
	GlobalSection(SolutionProperties) = preSolution
		HideSolutionNode = FALSE
	EndGlobalSection
	GlobalSection(ExtensibilityGlobals) = postSolution
		SolutionGuid = {C67AA41C-2A76-490E-A5A9-2FBE13D150A4}
	EndGlobalSection
EndGlobal
